
Microsoft Visual Studio Solution File, Format Version 12.00
# Visual Studio Version 16
VisualStudioVersion = 16.0.30011.22
MinimumVisualStudioVersion = 10.0.40219.1
Project("{D954291E-2A0B-460D-934E-DC6B0785DB48}") = "DemoApp.Shared", "DemoApp\DemoApp.Shared\DemoApp.Shared.shproj", "{6279C845-92F8-4333-AB99-3D213163593C}"
EndProject
Project("{FAE04EC0-301F-11D3-BF4B-00C04F79EFBC}") = "DemoApp.Droid", "DemoApp\DemoApp.Droid\DemoApp.Droid.csproj", "{85FA691A-7350-4EDC-BE4C-9AF78AEC6BA0}"
EndProject
Project("{FAE04EC0-301F-11D3-BF4B-00C04F79EFBC}") = "DemoApp.iOS", "DemoApp\DemoApp.iOS\DemoApp.iOS.csproj", "{85B38363-ACB7-4BD5-A4E0-F10DD8A16827}"
EndProject
Project("{FAE04EC0-301F-11D3-BF4B-00C04F79EFBC}") = "DemoApp.UWP", "DemoApp\DemoApp.UWP\DemoApp.UWP.csproj", "{E7CE37F6-AA99-446F-9E5D-BDCDF3DE66FD}"
EndProject
Project("{FAE04EC0-301F-11D3-BF4B-00C04F79EFBC}") = "DemoApp.Wasm", "DemoApp\DemoApp.Wasm\DemoApp.Wasm.csproj", "{12036560-399A-42B8-9299-57F24CDE3FC9}"
EndProject
Global
	GlobalSection(SharedMSBuildProjectFiles) = preSolution
		DemoApp\DemoApp.Shared\DemoApp.Shared.projitems*{12036560-399a-42b8-9299-57f24cde3fc9}*SharedItemsImports = 5
		DemoApp\DemoApp.Shared\DemoApp.Shared.projitems*{6279c845-92f8-4333-ab99-3d213163593c}*SharedItemsImports = 13
		DemoApp\DemoApp.Shared\DemoApp.Shared.projitems*{85b38363-acb7-4bd5-a4e0-f10dd8a16827}*SharedItemsImports = 4
		DemoApp\DemoApp.Shared\DemoApp.Shared.projitems*{85fa691a-7350-4edc-be4c-9af78aec6ba0}*SharedItemsImports = 4
		DemoApp\DemoApp.Shared\DemoApp.Shared.projitems*{e7ce37f6-aa99-446f-9e5d-bdcdf3de66fd}*SharedItemsImports = 4
	EndGlobalSection
	GlobalSection(SolutionConfigurationPlatforms) = preSolution
		Ad-Hoc|Any CPU = Ad-Hoc|Any CPU
		Ad-Hoc|ARM = Ad-Hoc|ARM
		Ad-Hoc|iPhone = Ad-Hoc|iPhone
		Ad-Hoc|iPhoneSimulator = Ad-Hoc|iPhoneSimulator
		Ad-Hoc|x64 = Ad-Hoc|x64
		Ad-Hoc|x86 = Ad-Hoc|x86
		AppStore|Any CPU = AppStore|Any CPU
		AppStore|ARM = AppStore|ARM
		AppStore|iPhone = AppStore|iPhone
		AppStore|iPhoneSimulator = AppStore|iPhoneSimulator
		AppStore|x64 = AppStore|x64
		AppStore|x86 = AppStore|x86
		Debug|Any CPU = Debug|Any CPU
		Debug|ARM = Debug|ARM
		Debug|iPhone = Debug|iPhone
		Debug|iPhoneSimulator = Debug|iPhoneSimulator
		Debug|x64 = Debug|x64
		Debug|x86 = Debug|x86
		Release|Any CPU = Release|Any CPU
		Release|ARM = Release|ARM
		Release|iPhone = Release|iPhone
		Release|iPhoneSimulator = Release|iPhoneSimulator
		Release|x64 = Release|x64
		Release|x86 = Release|x86
	EndGlobalSection
	GlobalSection(ProjectConfigurationPlatforms) = postSolution
		{85FA691A-7350-4EDC-BE4C-9AF78AEC6BA0}.Ad-Hoc|Any CPU.ActiveCfg = Release|Any CPU
		{85FA691A-7350-4EDC-BE4C-9AF78AEC6BA0}.Ad-Hoc|Any CPU.Build.0 = Release|Any CPU
		{85FA691A-7350-4EDC-BE4C-9AF78AEC6BA0}.Ad-Hoc|Any CPU.Deploy.0 = Release|Any CPU
		{85FA691A-7350-4EDC-BE4C-9AF78AEC6BA0}.Ad-Hoc|ARM.ActiveCfg = Release|Any CPU
		{85FA691A-7350-4EDC-BE4C-9AF78AEC6BA0}.Ad-Hoc|ARM.Build.0 = Release|Any CPU
		{85FA691A-7350-4EDC-BE4C-9AF78AEC6BA0}.Ad-Hoc|ARM.Deploy.0 = Release|Any CPU
		{85FA691A-7350-4EDC-BE4C-9AF78AEC6BA0}.Ad-Hoc|iPhone.ActiveCfg = Release|Any CPU
		{85FA691A-7350-4EDC-BE4C-9AF78AEC6BA0}.Ad-Hoc|iPhone.Build.0 = Release|Any CPU
		{85FA691A-7350-4EDC-BE4C-9AF78AEC6BA0}.Ad-Hoc|iPhone.Deploy.0 = Release|Any CPU
		{85FA691A-7350-4EDC-BE4C-9AF78AEC6BA0}.Ad-Hoc|iPhoneSimulator.ActiveCfg = Release|Any CPU
		{85FA691A-7350-4EDC-BE4C-9AF78AEC6BA0}.Ad-Hoc|iPhoneSimulator.Build.0 = Release|Any CPU
		{85FA691A-7350-4EDC-BE4C-9AF78AEC6BA0}.Ad-Hoc|iPhoneSimulator.Deploy.0 = Release|Any CPU
		{85FA691A-7350-4EDC-BE4C-9AF78AEC6BA0}.Ad-Hoc|x64.ActiveCfg = Release|Any CPU
		{85FA691A-7350-4EDC-BE4C-9AF78AEC6BA0}.Ad-Hoc|x64.Build.0 = Release|Any CPU
		{85FA691A-7350-4EDC-BE4C-9AF78AEC6BA0}.Ad-Hoc|x64.Deploy.0 = Release|Any CPU
		{85FA691A-7350-4EDC-BE4C-9AF78AEC6BA0}.Ad-Hoc|x86.ActiveCfg = Release|Any CPU
		{85FA691A-7350-4EDC-BE4C-9AF78AEC6BA0}.Ad-Hoc|x86.Build.0 = Release|Any CPU
		{85FA691A-7350-4EDC-BE4C-9AF78AEC6BA0}.Ad-Hoc|x86.Deploy.0 = Release|Any CPU
		{85FA691A-7350-4EDC-BE4C-9AF78AEC6BA0}.AppStore|Any CPU.ActiveCfg = Release|Any CPU
		{85FA691A-7350-4EDC-BE4C-9AF78AEC6BA0}.AppStore|Any CPU.Build.0 = Release|Any CPU
		{85FA691A-7350-4EDC-BE4C-9AF78AEC6BA0}.AppStore|Any CPU.Deploy.0 = Release|Any CPU
		{85FA691A-7350-4EDC-BE4C-9AF78AEC6BA0}.AppStore|ARM.ActiveCfg = Release|Any CPU
		{85FA691A-7350-4EDC-BE4C-9AF78AEC6BA0}.AppStore|ARM.Build.0 = Release|Any CPU
		{85FA691A-7350-4EDC-BE4C-9AF78AEC6BA0}.AppStore|ARM.Deploy.0 = Release|Any CPU
		{85FA691A-7350-4EDC-BE4C-9AF78AEC6BA0}.AppStore|iPhone.ActiveCfg = Release|Any CPU
		{85FA691A-7350-4EDC-BE4C-9AF78AEC6BA0}.AppStore|iPhone.Build.0 = Release|Any CPU
		{85FA691A-7350-4EDC-BE4C-9AF78AEC6BA0}.AppStore|iPhone.Deploy.0 = Release|Any CPU
		{85FA691A-7350-4EDC-BE4C-9AF78AEC6BA0}.AppStore|iPhoneSimulator.ActiveCfg = Release|Any CPU
		{85FA691A-7350-4EDC-BE4C-9AF78AEC6BA0}.AppStore|iPhoneSimulator.Build.0 = Release|Any CPU
		{85FA691A-7350-4EDC-BE4C-9AF78AEC6BA0}.AppStore|iPhoneSimulator.Deploy.0 = Release|Any CPU
		{85FA691A-7350-4EDC-BE4C-9AF78AEC6BA0}.AppStore|x64.ActiveCfg = Release|Any CPU
		{85FA691A-7350-4EDC-BE4C-9AF78AEC6BA0}.AppStore|x64.Build.0 = Release|Any CPU
		{85FA691A-7350-4EDC-BE4C-9AF78AEC6BA0}.AppStore|x64.Deploy.0 = Release|Any CPU
		{85FA691A-7350-4EDC-BE4C-9AF78AEC6BA0}.AppStore|x86.ActiveCfg = Release|Any CPU
		{85FA691A-7350-4EDC-BE4C-9AF78AEC6BA0}.AppStore|x86.Build.0 = Release|Any CPU
		{85FA691A-7350-4EDC-BE4C-9AF78AEC6BA0}.AppStore|x86.Deploy.0 = Release|Any CPU
		{85FA691A-7350-4EDC-BE4C-9AF78AEC6BA0}.Debug|Any CPU.ActiveCfg = Debug|Any CPU
		{85FA691A-7350-4EDC-BE4C-9AF78AEC6BA0}.Debug|Any CPU.Build.0 = Debug|Any CPU
		{85FA691A-7350-4EDC-BE4C-9AF78AEC6BA0}.Debug|Any CPU.Deploy.0 = Debug|Any CPU
		{85FA691A-7350-4EDC-BE4C-9AF78AEC6BA0}.Debug|ARM.ActiveCfg = Debug|Any CPU
		{85FA691A-7350-4EDC-BE4C-9AF78AEC6BA0}.Debug|ARM.Build.0 = Debug|Any CPU
		{85FA691A-7350-4EDC-BE4C-9AF78AEC6BA0}.Debug|ARM.Deploy.0 = Debug|Any CPU
		{85FA691A-7350-4EDC-BE4C-9AF78AEC6BA0}.Debug|iPhone.ActiveCfg = Debug|Any CPU
		{85FA691A-7350-4EDC-BE4C-9AF78AEC6BA0}.Debug|iPhone.Build.0 = Debug|Any CPU
		{85FA691A-7350-4EDC-BE4C-9AF78AEC6BA0}.Debug|iPhone.Deploy.0 = Debug|Any CPU
		{85FA691A-7350-4EDC-BE4C-9AF78AEC6BA0}.Debug|iPhoneSimulator.ActiveCfg = Debug|Any CPU
		{85FA691A-7350-4EDC-BE4C-9AF78AEC6BA0}.Debug|iPhoneSimulator.Build.0 = Debug|Any CPU
		{85FA691A-7350-4EDC-BE4C-9AF78AEC6BA0}.Debug|iPhoneSimulator.Deploy.0 = Debug|Any CPU
		{85FA691A-7350-4EDC-BE4C-9AF78AEC6BA0}.Debug|x64.ActiveCfg = Debug|Any CPU
		{85FA691A-7350-4EDC-BE4C-9AF78AEC6BA0}.Debug|x64.Build.0 = Debug|Any CPU
		{85FA691A-7350-4EDC-BE4C-9AF78AEC6BA0}.Debug|x64.Deploy.0 = Debug|Any CPU
		{85FA691A-7350-4EDC-BE4C-9AF78AEC6BA0}.Debug|x86.ActiveCfg = Debug|Any CPU
		{85FA691A-7350-4EDC-BE4C-9AF78AEC6BA0}.Debug|x86.Build.0 = Debug|Any CPU
		{85FA691A-7350-4EDC-BE4C-9AF78AEC6BA0}.Debug|x86.Deploy.0 = Debug|Any CPU
		{85FA691A-7350-4EDC-BE4C-9AF78AEC6BA0}.Release|Any CPU.ActiveCfg = Release|Any CPU
		{85FA691A-7350-4EDC-BE4C-9AF78AEC6BA0}.Release|Any CPU.Build.0 = Release|Any CPU
		{85FA691A-7350-4EDC-BE4C-9AF78AEC6BA0}.Release|Any CPU.Deploy.0 = Release|Any CPU
		{85FA691A-7350-4EDC-BE4C-9AF78AEC6BA0}.Release|ARM.ActiveCfg = Release|Any CPU
		{85FA691A-7350-4EDC-BE4C-9AF78AEC6BA0}.Release|ARM.Build.0 = Release|Any CPU
		{85FA691A-7350-4EDC-BE4C-9AF78AEC6BA0}.Release|ARM.Deploy.0 = Release|Any CPU
		{85FA691A-7350-4EDC-BE4C-9AF78AEC6BA0}.Release|iPhone.ActiveCfg = Release|Any CPU
		{85FA691A-7350-4EDC-BE4C-9AF78AEC6BA0}.Release|iPhone.Build.0 = Release|Any CPU
		{85FA691A-7350-4EDC-BE4C-9AF78AEC6BA0}.Release|iPhone.Deploy.0 = Release|Any CPU
		{85FA691A-7350-4EDC-BE4C-9AF78AEC6BA0}.Release|iPhoneSimulator.ActiveCfg = Release|Any CPU
		{85FA691A-7350-4EDC-BE4C-9AF78AEC6BA0}.Release|iPhoneSimulator.Build.0 = Release|Any CPU
		{85FA691A-7350-4EDC-BE4C-9AF78AEC6BA0}.Release|iPhoneSimulator.Deploy.0 = Release|Any CPU
		{85FA691A-7350-4EDC-BE4C-9AF78AEC6BA0}.Release|x64.ActiveCfg = Release|Any CPU
		{85FA691A-7350-4EDC-BE4C-9AF78AEC6BA0}.Release|x64.Build.0 = Release|Any CPU
		{85FA691A-7350-4EDC-BE4C-9AF78AEC6BA0}.Release|x64.Deploy.0 = Release|Any CPU
		{85FA691A-7350-4EDC-BE4C-9AF78AEC6BA0}.Release|x86.ActiveCfg = Release|Any CPU
		{85FA691A-7350-4EDC-BE4C-9AF78AEC6BA0}.Release|x86.Build.0 = Release|Any CPU
		{85FA691A-7350-4EDC-BE4C-9AF78AEC6BA0}.Release|x86.Deploy.0 = Release|Any CPU
		{85B38363-ACB7-4BD5-A4E0-F10DD8A16827}.Ad-Hoc|Any CPU.ActiveCfg = Ad-Hoc|iPhone
		{85B38363-ACB7-4BD5-A4E0-F10DD8A16827}.Ad-Hoc|ARM.ActiveCfg = Ad-Hoc|iPhone
		{85B38363-ACB7-4BD5-A4E0-F10DD8A16827}.Ad-Hoc|iPhone.ActiveCfg = Ad-Hoc|iPhone
		{85B38363-ACB7-4BD5-A4E0-F10DD8A16827}.Ad-Hoc|iPhone.Build.0 = Ad-Hoc|iPhone
		{85B38363-ACB7-4BD5-A4E0-F10DD8A16827}.Ad-Hoc|iPhoneSimulator.ActiveCfg = Ad-Hoc|iPhoneSimulator
		{85B38363-ACB7-4BD5-A4E0-F10DD8A16827}.Ad-Hoc|iPhoneSimulator.Build.0 = Ad-Hoc|iPhoneSimulator
		{85B38363-ACB7-4BD5-A4E0-F10DD8A16827}.Ad-Hoc|x64.ActiveCfg = Ad-Hoc|iPhone
		{85B38363-ACB7-4BD5-A4E0-F10DD8A16827}.Ad-Hoc|x86.ActiveCfg = Ad-Hoc|iPhone
		{85B38363-ACB7-4BD5-A4E0-F10DD8A16827}.AppStore|Any CPU.ActiveCfg = AppStore|iPhone
		{85B38363-ACB7-4BD5-A4E0-F10DD8A16827}.AppStore|ARM.ActiveCfg = AppStore|iPhone
		{85B38363-ACB7-4BD5-A4E0-F10DD8A16827}.AppStore|iPhone.ActiveCfg = AppStore|iPhone
		{85B38363-ACB7-4BD5-A4E0-F10DD8A16827}.AppStore|iPhone.Build.0 = AppStore|iPhone
		{85B38363-ACB7-4BD5-A4E0-F10DD8A16827}.AppStore|iPhoneSimulator.ActiveCfg = AppStore|iPhoneSimulator
		{85B38363-ACB7-4BD5-A4E0-F10DD8A16827}.AppStore|iPhoneSimulator.Build.0 = AppStore|iPhoneSimulator
		{85B38363-ACB7-4BD5-A4E0-F10DD8A16827}.AppStore|x64.ActiveCfg = AppStore|iPhone
		{85B38363-ACB7-4BD5-A4E0-F10DD8A16827}.AppStore|x86.ActiveCfg = AppStore|iPhone
		{85B38363-ACB7-4BD5-A4E0-F10DD8A16827}.Debug|Any CPU.ActiveCfg = Debug|iPhone
		{85B38363-ACB7-4BD5-A4E0-F10DD8A16827}.Debug|ARM.ActiveCfg = Debug|iPhone
		{85B38363-ACB7-4BD5-A4E0-F10DD8A16827}.Debug|iPhone.ActiveCfg = Debug|iPhone
		{85B38363-ACB7-4BD5-A4E0-F10DD8A16827}.Debug|iPhone.Build.0 = Debug|iPhone
		{85B38363-ACB7-4BD5-A4E0-F10DD8A16827}.Debug|iPhoneSimulator.ActiveCfg = Debug|iPhoneSimulator
		{85B38363-ACB7-4BD5-A4E0-F10DD8A16827}.Debug|iPhoneSimulator.Build.0 = Debug|iPhoneSimulator
		{85B38363-ACB7-4BD5-A4E0-F10DD8A16827}.Debug|x64.ActiveCfg = Debug|iPhone
		{85B38363-ACB7-4BD5-A4E0-F10DD8A16827}.Debug|x86.ActiveCfg = Debug|iPhone
		{85B38363-ACB7-4BD5-A4E0-F10DD8A16827}.Release|Any CPU.ActiveCfg = Release|iPhone
		{85B38363-ACB7-4BD5-A4E0-F10DD8A16827}.Release|ARM.ActiveCfg = Release|iPhone
		{85B38363-ACB7-4BD5-A4E0-F10DD8A16827}.Release|iPhone.ActiveCfg = Release|iPhone
		{85B38363-ACB7-4BD5-A4E0-F10DD8A16827}.Release|iPhone.Build.0 = Release|iPhone
		{85B38363-ACB7-4BD5-A4E0-F10DD8A16827}.Release|iPhoneSimulator.ActiveCfg = Release|iPhoneSimulator
		{85B38363-ACB7-4BD5-A4E0-F10DD8A16827}.Release|iPhoneSimulator.Build.0 = Release|iPhoneSimulator
		{85B38363-ACB7-4BD5-A4E0-F10DD8A16827}.Release|x64.ActiveCfg = Release|iPhone
		{85B38363-ACB7-4BD5-A4E0-F10DD8A16827}.Release|x86.ActiveCfg = Release|iPhone
		{E7CE37F6-AA99-446F-9E5D-BDCDF3DE66FD}.Ad-Hoc|Any CPU.ActiveCfg = Release|x64
		{E7CE37F6-AA99-446F-9E5D-BDCDF3DE66FD}.Ad-Hoc|Any CPU.Build.0 = Release|x64
		{E7CE37F6-AA99-446F-9E5D-BDCDF3DE66FD}.Ad-Hoc|Any CPU.Deploy.0 = Release|x64
		{E7CE37F6-AA99-446F-9E5D-BDCDF3DE66FD}.Ad-Hoc|ARM.ActiveCfg = Release|ARM
		{E7CE37F6-AA99-446F-9E5D-BDCDF3DE66FD}.Ad-Hoc|ARM.Build.0 = Release|ARM
		{E7CE37F6-AA99-446F-9E5D-BDCDF3DE66FD}.Ad-Hoc|ARM.Deploy.0 = Release|ARM
		{E7CE37F6-AA99-446F-9E5D-BDCDF3DE66FD}.Ad-Hoc|iPhone.ActiveCfg = Release|x64
		{E7CE37F6-AA99-446F-9E5D-BDCDF3DE66FD}.Ad-Hoc|iPhone.Build.0 = Release|x64
		{E7CE37F6-AA99-446F-9E5D-BDCDF3DE66FD}.Ad-Hoc|iPhone.Deploy.0 = Release|x64
		{E7CE37F6-AA99-446F-9E5D-BDCDF3DE66FD}.Ad-Hoc|iPhoneSimulator.ActiveCfg = Release|x64
		{E7CE37F6-AA99-446F-9E5D-BDCDF3DE66FD}.Ad-Hoc|iPhoneSimulator.Build.0 = Release|x64
		{E7CE37F6-AA99-446F-9E5D-BDCDF3DE66FD}.Ad-Hoc|iPhoneSimulator.Deploy.0 = Release|x64
		{E7CE37F6-AA99-446F-9E5D-BDCDF3DE66FD}.Ad-Hoc|x64.ActiveCfg = Release|x64
		{E7CE37F6-AA99-446F-9E5D-BDCDF3DE66FD}.Ad-Hoc|x64.Build.0 = Release|x64
		{E7CE37F6-AA99-446F-9E5D-BDCDF3DE66FD}.Ad-Hoc|x64.Deploy.0 = Release|x64
		{E7CE37F6-AA99-446F-9E5D-BDCDF3DE66FD}.Ad-Hoc|x86.ActiveCfg = Release|x86
		{E7CE37F6-AA99-446F-9E5D-BDCDF3DE66FD}.Ad-Hoc|x86.Build.0 = Release|x86
		{E7CE37F6-AA99-446F-9E5D-BDCDF3DE66FD}.Ad-Hoc|x86.Deploy.0 = Release|x86
		{E7CE37F6-AA99-446F-9E5D-BDCDF3DE66FD}.AppStore|Any CPU.ActiveCfg = Release|x64
		{E7CE37F6-AA99-446F-9E5D-BDCDF3DE66FD}.AppStore|Any CPU.Build.0 = Release|x64
		{E7CE37F6-AA99-446F-9E5D-BDCDF3DE66FD}.AppStore|Any CPU.Deploy.0 = Release|x64
		{E7CE37F6-AA99-446F-9E5D-BDCDF3DE66FD}.AppStore|ARM.ActiveCfg = Release|ARM
		{E7CE37F6-AA99-446F-9E5D-BDCDF3DE66FD}.AppStore|ARM.Build.0 = Release|ARM
		{E7CE37F6-AA99-446F-9E5D-BDCDF3DE66FD}.AppStore|ARM.Deploy.0 = Release|ARM
		{E7CE37F6-AA99-446F-9E5D-BDCDF3DE66FD}.AppStore|iPhone.ActiveCfg = Release|x64
		{E7CE37F6-AA99-446F-9E5D-BDCDF3DE66FD}.AppStore|iPhone.Build.0 = Release|x64
		{E7CE37F6-AA99-446F-9E5D-BDCDF3DE66FD}.AppStore|iPhone.Deploy.0 = Release|x64
		{E7CE37F6-AA99-446F-9E5D-BDCDF3DE66FD}.AppStore|iPhoneSimulator.ActiveCfg = Release|x64
		{E7CE37F6-AA99-446F-9E5D-BDCDF3DE66FD}.AppStore|iPhoneSimulator.Build.0 = Release|x64
		{E7CE37F6-AA99-446F-9E5D-BDCDF3DE66FD}.AppStore|iPhoneSimulator.Deploy.0 = Release|x64
		{E7CE37F6-AA99-446F-9E5D-BDCDF3DE66FD}.AppStore|x64.ActiveCfg = Release|x64
		{E7CE37F6-AA99-446F-9E5D-BDCDF3DE66FD}.AppStore|x64.Build.0 = Release|x64
		{E7CE37F6-AA99-446F-9E5D-BDCDF3DE66FD}.AppStore|x64.Deploy.0 = Release|x64
		{E7CE37F6-AA99-446F-9E5D-BDCDF3DE66FD}.AppStore|x86.ActiveCfg = Release|x86
		{E7CE37F6-AA99-446F-9E5D-BDCDF3DE66FD}.AppStore|x86.Build.0 = Release|x86
		{E7CE37F6-AA99-446F-9E5D-BDCDF3DE66FD}.AppStore|x86.Deploy.0 = Release|x86
		{E7CE37F6-AA99-446F-9E5D-BDCDF3DE66FD}.Debug|Any CPU.ActiveCfg = Debug|x86
		{E7CE37F6-AA99-446F-9E5D-BDCDF3DE66FD}.Debug|ARM.ActiveCfg = Debug|ARM
		{E7CE37F6-AA99-446F-9E5D-BDCDF3DE66FD}.Debug|ARM.Build.0 = Debug|ARM
		{E7CE37F6-AA99-446F-9E5D-BDCDF3DE66FD}.Debug|ARM.Deploy.0 = Debug|ARM
		{E7CE37F6-AA99-446F-9E5D-BDCDF3DE66FD}.Debug|iPhone.ActiveCfg = Debug|x86
		{E7CE37F6-AA99-446F-9E5D-BDCDF3DE66FD}.Debug|iPhoneSimulator.ActiveCfg = Debug|x86
		{E7CE37F6-AA99-446F-9E5D-BDCDF3DE66FD}.Debug|x64.ActiveCfg = Debug|x64
		{E7CE37F6-AA99-446F-9E5D-BDCDF3DE66FD}.Debug|x64.Build.0 = Debug|x64
		{E7CE37F6-AA99-446F-9E5D-BDCDF3DE66FD}.Debug|x64.Deploy.0 = Debug|x64
		{E7CE37F6-AA99-446F-9E5D-BDCDF3DE66FD}.Debug|x86.ActiveCfg = Debug|x86
		{E7CE37F6-AA99-446F-9E5D-BDCDF3DE66FD}.Debug|x86.Build.0 = Debug|x86
		{E7CE37F6-AA99-446F-9E5D-BDCDF3DE66FD}.Debug|x86.Deploy.0 = Debug|x86
		{E7CE37F6-AA99-446F-9E5D-BDCDF3DE66FD}.Release|Any CPU.ActiveCfg = Release|x86
		{E7CE37F6-AA99-446F-9E5D-BDCDF3DE66FD}.Release|ARM.ActiveCfg = Release|ARM
		{E7CE37F6-AA99-446F-9E5D-BDCDF3DE66FD}.Release|ARM.Build.0 = Release|ARM
		{E7CE37F6-AA99-446F-9E5D-BDCDF3DE66FD}.Release|ARM.Deploy.0 = Release|ARM
		{E7CE37F6-AA99-446F-9E5D-BDCDF3DE66FD}.Release|iPhone.ActiveCfg = Release|x86
		{E7CE37F6-AA99-446F-9E5D-BDCDF3DE66FD}.Release|iPhoneSimulator.ActiveCfg = Release|x86
		{E7CE37F6-AA99-446F-9E5D-BDCDF3DE66FD}.Release|x64.ActiveCfg = Release|x64
		{E7CE37F6-AA99-446F-9E5D-BDCDF3DE66FD}.Release|x64.Build.0 = Release|x64
		{E7CE37F6-AA99-446F-9E5D-BDCDF3DE66FD}.Release|x64.Deploy.0 = Release|x64
		{E7CE37F6-AA99-446F-9E5D-BDCDF3DE66FD}.Release|x86.ActiveCfg = Release|x86
		{E7CE37F6-AA99-446F-9E5D-BDCDF3DE66FD}.Release|x86.Build.0 = Release|x86
		{E7CE37F6-AA99-446F-9E5D-BDCDF3DE66FD}.Release|x86.Deploy.0 = Release|x86
		{12036560-399A-42B8-9299-57F24CDE3FC9}.Ad-Hoc|Any CPU.ActiveCfg = Debug|Any CPU
		{12036560-399A-42B8-9299-57F24CDE3FC9}.Ad-Hoc|Any CPU.Build.0 = Debug|Any CPU
		{12036560-399A-42B8-9299-57F24CDE3FC9}.Ad-Hoc|ARM.ActiveCfg = Debug|Any CPU
		{12036560-399A-42B8-9299-57F24CDE3FC9}.Ad-Hoc|ARM.Build.0 = Debug|Any CPU
		{12036560-399A-42B8-9299-57F24CDE3FC9}.Ad-Hoc|iPhone.ActiveCfg = Debug|Any CPU
		{12036560-399A-42B8-9299-57F24CDE3FC9}.Ad-Hoc|iPhone.Build.0 = Debug|Any CPU
		{12036560-399A-42B8-9299-57F24CDE3FC9}.Ad-Hoc|iPhoneSimulator.ActiveCfg = Debug|Any CPU
		{12036560-399A-42B8-9299-57F24CDE3FC9}.Ad-Hoc|iPhoneSimulator.Build.0 = Debug|Any CPU
		{12036560-399A-42B8-9299-57F24CDE3FC9}.Ad-Hoc|x64.ActiveCfg = Debug|Any CPU
		{12036560-399A-42B8-9299-57F24CDE3FC9}.Ad-Hoc|x64.Build.0 = Debug|Any CPU
		{12036560-399A-42B8-9299-57F24CDE3FC9}.Ad-Hoc|x86.ActiveCfg = Debug|Any CPU
		{12036560-399A-42B8-9299-57F24CDE3FC9}.Ad-Hoc|x86.Build.0 = Debug|Any CPU
		{12036560-399A-42B8-9299-57F24CDE3FC9}.AppStore|Any CPU.ActiveCfg = Debug|Any CPU
		{12036560-399A-42B8-9299-57F24CDE3FC9}.AppStore|Any CPU.Build.0 = Debug|Any CPU
		{12036560-399A-42B8-9299-57F24CDE3FC9}.AppStore|ARM.ActiveCfg = Debug|Any CPU
		{12036560-399A-42B8-9299-57F24CDE3FC9}.AppStore|ARM.Build.0 = Debug|Any CPU
		{12036560-399A-42B8-9299-57F24CDE3FC9}.AppStore|iPhone.ActiveCfg = Debug|Any CPU
		{12036560-399A-42B8-9299-57F24CDE3FC9}.AppStore|iPhone.Build.0 = Debug|Any CPU
		{12036560-399A-42B8-9299-57F24CDE3FC9}.AppStore|iPhoneSimulator.ActiveCfg = Debug|Any CPU
		{12036560-399A-42B8-9299-57F24CDE3FC9}.AppStore|iPhoneSimulator.Build.0 = Debug|Any CPU
		{12036560-399A-42B8-9299-57F24CDE3FC9}.AppStore|x64.ActiveCfg = Debug|Any CPU
		{12036560-399A-42B8-9299-57F24CDE3FC9}.AppStore|x64.Build.0 = Debug|Any CPU
		{12036560-399A-42B8-9299-57F24CDE3FC9}.AppStore|x86.ActiveCfg = Debug|Any CPU
		{12036560-399A-42B8-9299-57F24CDE3FC9}.AppStore|x86.Build.0 = Debug|Any CPU
		{12036560-399A-42B8-9299-57F24CDE3FC9}.Debug|Any CPU.ActiveCfg = Debug|Any CPU
		{12036560-399A-42B8-9299-57F24CDE3FC9}.Debug|Any CPU.Build.0 = Debug|Any CPU
		{12036560-399A-42B8-9299-57F24CDE3FC9}.Debug|ARM.ActiveCfg = Debug|Any CPU
		{12036560-399A-42B8-9299-57F24CDE3FC9}.Debug|ARM.Build.0 = Debug|Any CPU
		{12036560-399A-42B8-9299-57F24CDE3FC9}.Debug|iPhone.ActiveCfg = Debug|Any CPU
		{12036560-399A-42B8-9299-57F24CDE3FC9}.Debug|iPhone.Build.0 = Debug|Any CPU
		{12036560-399A-42B8-9299-57F24CDE3FC9}.Debug|iPhoneSimulator.ActiveCfg = Debug|Any CPU
		{12036560-399A-42B8-9299-57F24CDE3FC9}.Debug|iPhoneSimulator.Build.0 = Debug|Any CPU
		{12036560-399A-42B8-9299-57F24CDE3FC9}.Debug|x64.ActiveCfg = Debug|Any CPU
		{12036560-399A-42B8-9299-57F24CDE3FC9}.Debug|x64.Build.0 = Debug|Any CPU
		{12036560-399A-42B8-9299-57F24CDE3FC9}.Debug|x86.ActiveCfg = Debug|Any CPU
		{12036560-399A-42B8-9299-57F24CDE3FC9}.Debug|x86.Build.0 = Debug|Any CPU
		{12036560-399A-42B8-9299-57F24CDE3FC9}.Release|Any CPU.ActiveCfg = Release|Any CPU
		{12036560-399A-42B8-9299-57F24CDE3FC9}.Release|Any CPU.Build.0 = Release|Any CPU
		{12036560-399A-42B8-9299-57F24CDE3FC9}.Release|ARM.ActiveCfg = Release|Any CPU
		{12036560-399A-42B8-9299-57F24CDE3FC9}.Release|ARM.Build.0 = Release|Any CPU
		{12036560-399A-42B8-9299-57F24CDE3FC9}.Release|iPhone.ActiveCfg = Release|Any CPU
		{12036560-399A-42B8-9299-57F24CDE3FC9}.Release|iPhone.Build.0 = Release|Any CPU
		{12036560-399A-42B8-9299-57F24CDE3FC9}.Release|iPhoneSimulator.ActiveCfg = Release|Any CPU
		{12036560-399A-42B8-9299-57F24CDE3FC9}.Release|iPhoneSimulator.Build.0 = Release|Any CPU
		{12036560-399A-42B8-9299-57F24CDE3FC9}.Release|x64.ActiveCfg = Release|Any CPU
		{12036560-399A-42B8-9299-57F24CDE3FC9}.Release|x64.Build.0 = Release|Any CPU
		{12036560-399A-42B8-9299-57F24CDE3FC9}.Release|x86.ActiveCfg = Release|Any CPU
		{12036560-399A-42B8-9299-57F24CDE3FC9}.Release|x86.Build.0 = Release|Any CPU
	EndGlobalSection
	GlobalSection(SolutionProperties) = preSolution
		HideSolutionNode = FALSE
	EndGlobalSection
	GlobalSection(ExtensibilityGlobals) = postSolution
		SolutionGuid = {EB26AF90-8FD5-4F1E-9D63-946DA99E4B7D}
	EndGlobalSection
EndGlobal
